
Microsoft Visual Studio Solution File, Format Version 12.00
# Visual Studio 15
VisualStudioVersion = 15.0.27130.2027
MinimumVisualStudioVersion = 10.0.40219.1
Project("{FAE04EC0-301F-11D3-BF4B-00C04F79EFBC}") = "EventShop", "BeerShopTicket\EventShop.csproj", "{5947ED0A-4F75-4B85-9F61-0D3E3BA9A66D}"
EndProject
Global
	GlobalSection(SolutionConfigurationPlatforms) = preSolution
		Debug|Any CPU = Debug|Any CPU
		Release|Any CPU = Release|Any CPU
	EndGlobalSection
	GlobalSection(ProjectConfigurationPlatforms) = postSolution
		{5947ED0A-4F75-4B85-9F61-0D3E3BA9A66D}.Debug|Any CPU.ActiveCfg = Debug|Any CPU
		{5947ED0A-4F75-4B85-9F61-0D3E3BA9A66D}.Debug|Any CPU.Build.0 = Debug|Any CPU
		{5947ED0A-4F75-4B85-9F61-0D3E3BA9A66D}.Release|Any CPU.ActiveCfg = Release|Any CPU
		{5947ED0A-4F75-4B85-9F61-0D3E3BA9A66D}.Release|Any CPU.Build.0 = Release|Any CPU
	EndGlobalSection
	GlobalSection(SolutionProperties) = preSolution
		HideSolutionNode = FALSE
	EndGlobalSection
	GlobalSection(ExtensibilityGlobals) = postSolution
		SolutionGuid = {0253E119-2027-4469-B7C3-9A64BB0B2394}
	EndGlobalSection
EndGlobal
